
Microsoft Visual Studio Solution File, Format Version 12.00
# Visual Studio Version 16
VisualStudioVersion = 16.0.30804.86
MinimumVisualStudioVersion = 10.0.40219.1
Project("{FAE04EC0-301F-11D3-BF4B-00C04F79EFBC}") = "BlazorWasmSkillsHosted.Server", "BlazorWasmSkillsHosted\Server\BlazorWasmSkillsHosted.Server.csproj", "{0759B790-B969-4C67-AA84-BFFD15893AAA}"
EndProject
Project("{FAE04EC0-301F-11D3-BF4B-00C04F79EFBC}") = "BlazorWasmSkillsHosted.Client", "BlazorWasmSkillsHosted\Client\BlazorWasmSkillsHosted.Client.csproj", "{D7C19FF5-DB36-4766-832B-CCBD16426828}"
EndProject
Project("{FAE04EC0-301F-11D3-BF4B-00C04F79EFBC}") = "BlazorWasmSkillsHosted.Shared", "BlazorWasmSkillsHosted\Shared\BlazorWasmSkillsHosted.Shared.csproj", "{7D7717C3-83B8-446F-8C8B-C09CA03B32E6}"
EndProject
Global
	GlobalSection(SolutionConfigurationPlatforms) = preSolution
		Debug|Any CPU = Debug|Any CPU
		Release|Any CPU = Release|Any CPU
	EndGlobalSection
	GlobalSection(ProjectConfigurationPlatforms) = postSolution
		{0759B790-B969-4C67-AA84-BFFD15893AAA}.Debug|Any CPU.ActiveCfg = Debug|Any CPU
		{0759B790-B969-4C67-AA84-BFFD15893AAA}.Debug|Any CPU.Build.0 = Debug|Any CPU
		{0759B790-B969-4C67-AA84-BFFD15893AAA}.Release|Any CPU.ActiveCfg = Release|Any CPU
		{0759B790-B969-4C67-AA84-BFFD15893AAA}.Release|Any CPU.Build.0 = Release|Any CPU
		{D7C19FF5-DB36-4766-832B-CCBD16426828}.Debug|Any CPU.ActiveCfg = Debug|Any CPU
		{D7C19FF5-DB36-4766-832B-CCBD16426828}.Debug|Any CPU.Build.0 = Debug|Any CPU
		{D7C19FF5-DB36-4766-832B-CCBD16426828}.Release|Any CPU.ActiveCfg = Release|Any CPU
		{D7C19FF5-DB36-4766-832B-CCBD16426828}.Release|Any CPU.Build.0 = Release|Any CPU
		{7D7717C3-83B8-446F-8C8B-C09CA03B32E6}.Debug|Any CPU.ActiveCfg = Debug|Any CPU
		{7D7717C3-83B8-446F-8C8B-C09CA03B32E6}.Debug|Any CPU.Build.0 = Debug|Any CPU
		{7D7717C3-83B8-446F-8C8B-C09CA03B32E6}.Release|Any CPU.ActiveCfg = Release|Any CPU
		{7D7717C3-83B8-446F-8C8B-C09CA03B32E6}.Release|Any CPU.Build.0 = Release|Any CPU
	EndGlobalSection
	GlobalSection(SolutionProperties) = preSolution
		HideSolutionNode = FALSE
	EndGlobalSection
	GlobalSection(ExtensibilityGlobals) = postSolution
		SolutionGuid = {14D03999-C8A5-4C40-8D82-DC3ADE30F487}
	EndGlobalSection
EndGlobal
